
Microsoft Visual Studio Solution File, Format Version 12.00
# Visual Studio Version 17
VisualStudioVersion = 17.5.002.0
MinimumVisualStudioVersion = 10.0.40219.1
Project("{9A19103F-16F7-4668-BE54-9A1E7A4F7556}") = "Shop", "Shop.csproj", "{638593CB-8594-482C-BA33-08BA02D5DF0C}"
EndProject
Global
	GlobalSection(SolutionConfigurationPlatforms) = preSolution
		Debug|Any CPU = Debug|Any CPU
		Release|Any CPU = Release|Any CPU
	EndGlobalSection
	GlobalSection(ProjectConfigurationPlatforms) = postSolution
		{638593CB-8594-482C-BA33-08BA02D5DF0C}.Debug|Any CPU.ActiveCfg = Debug|Any CPU
		{638593CB-8594-482C-BA33-08BA02D5DF0C}.Debug|Any CPU.Build.0 = Debug|Any CPU
		{638593CB-8594-482C-BA33-08BA02D5DF0C}.Release|Any CPU.ActiveCfg = Release|Any CPU
		{638593CB-8594-482C-BA33-08BA02D5DF0C}.Release|Any CPU.Build.0 = Release|Any CPU
	EndGlobalSection
	GlobalSection(SolutionProperties) = preSolution
		HideSolutionNode = FALSE
	EndGlobalSection
	GlobalSection(ExtensibilityGlobals) = postSolution
		SolutionGuid = {FAB66D0D-91CE-41A9-85DD-A3D0DF1389E2}
	EndGlobalSection
EndGlobal
